
Microsoft Visual Studio Solution File, Format Version 12.00
# Visual Studio Version 16
VisualStudioVersion = 16.0.30907.101
MinimumVisualStudioVersion = 10.0.40219.1
Project("{FAE04EC0-301F-11D3-BF4B-00C04F79EFBC}") = "HTTP5101-Assgn1-Alby-N01462455", "HTTP5101-Assgn1-Alby-N01462455\HTTP5101-Assgn1-Alby-N01462455.csproj", "{7F324F44-D1B3-4A32-BFD3-513C28433042}"
EndProject
Global
	GlobalSection(SolutionConfigurationPlatforms) = preSolution
		Debug|Any CPU = Debug|Any CPU
		Release|Any CPU = Release|Any CPU
	EndGlobalSection
	GlobalSection(ProjectConfigurationPlatforms) = postSolution
		{7F324F44-D1B3-4A32-BFD3-513C28433042}.Debug|Any CPU.ActiveCfg = Debug|Any CPU
		{7F324F44-D1B3-4A32-BFD3-513C28433042}.Debug|Any CPU.Build.0 = Debug|Any CPU
		{7F324F44-D1B3-4A32-BFD3-513C28433042}.Release|Any CPU.ActiveCfg = Release|Any CPU
		{7F324F44-D1B3-4A32-BFD3-513C28433042}.Release|Any CPU.Build.0 = Release|Any CPU
	EndGlobalSection
	GlobalSection(SolutionProperties) = preSolution
		HideSolutionNode = FALSE
	EndGlobalSection
	GlobalSection(ExtensibilityGlobals) = postSolution
		SolutionGuid = {741BA9AD-6256-411C-B2B0-EED7152644B1}
	EndGlobalSection
EndGlobal
